# This file is automatically @generated by Cargo.
# It is not intended for manual editing.
[[package]]
name = "magnesium"
version = "0.0.4"
source = "registry+https://github.com/rust-lang/crates.io-index"
checksum = "fe6dd707924424f7b39557235629f929d92d38df430f20918831f6f761b673b8"

[[package]]
name = "tinyvec"
version = "0.3.3"
source = "registry+https://github.com/rust-lang/crates.io-index"
checksum = "53953d2d3a5ad81d9f844a32f14ebb121f50b650cd59d0ee2a07cf13c617efed"

[[package]]
name = "vkvk"
version = "0.0.1-alpha"
dependencies = [
 "magnesium",
 "tinyvec",
]
